
Microsoft Visual Studio Solution File, Format Version 12.00
# Visual Studio Version 17
VisualStudioVersion = 17.2.32630.192
MinimumVisualStudioVersion = 10.0.40219.1
Project("{9A19103F-16F7-4668-BE54-9A1E7A4F7556}") = "UserCourseInteraction", "UserCourseInteraction\UserCourseInteraction.csproj", "{481A6244-2F02-448B-A693-E3D15A2F3076}"
EndProject
Project("{E53339B2-1760-4266-BCC7-CA923CBCF16C}") = "docker-compose", "docker-compose.dcproj", "{AE1AC6A9-C657-4390-9815-B86661AB40A0}"
EndProject
Project("{9A19103F-16F7-4668-BE54-9A1E7A4F7556}") = "Event.ProductsContract", "..\..\Event.ProductsContract\Event.ProductsContract\Event.ProductsContract.csproj", "{D39709CE-2A30-46F0-9D13-B70B8935D55C}"
EndProject
Global
	GlobalSection(SolutionConfigurationPlatforms) = preSolution
		Debug|Any CPU = Debug|Any CPU
		Release|Any CPU = Release|Any CPU
	EndGlobalSection
	GlobalSection(ProjectConfigurationPlatforms) = postSolution
		{481A6244-2F02-448B-A693-E3D15A2F3076}.Debug|Any CPU.ActiveCfg = Debug|Any CPU
		{481A6244-2F02-448B-A693-E3D15A2F3076}.Debug|Any CPU.Build.0 = Debug|Any CPU
		{481A6244-2F02-448B-A693-E3D15A2F3076}.Release|Any CPU.ActiveCfg = Release|Any CPU
		{481A6244-2F02-448B-A693-E3D15A2F3076}.Release|Any CPU.Build.0 = Release|Any CPU
		{AE1AC6A9-C657-4390-9815-B86661AB40A0}.Debug|Any CPU.ActiveCfg = Debug|Any CPU
		{AE1AC6A9-C657-4390-9815-B86661AB40A0}.Debug|Any CPU.Build.0 = Debug|Any CPU
		{AE1AC6A9-C657-4390-9815-B86661AB40A0}.Release|Any CPU.ActiveCfg = Release|Any CPU
		{AE1AC6A9-C657-4390-9815-B86661AB40A0}.Release|Any CPU.Build.0 = Release|Any CPU
		{D39709CE-2A30-46F0-9D13-B70B8935D55C}.Debug|Any CPU.ActiveCfg = Debug|Any CPU
		{D39709CE-2A30-46F0-9D13-B70B8935D55C}.Debug|Any CPU.Build.0 = Debug|Any CPU
		{D39709CE-2A30-46F0-9D13-B70B8935D55C}.Release|Any CPU.ActiveCfg = Release|Any CPU
		{D39709CE-2A30-46F0-9D13-B70B8935D55C}.Release|Any CPU.Build.0 = Release|Any CPU
	EndGlobalSection
	GlobalSection(SolutionProperties) = preSolution
		HideSolutionNode = FALSE
	EndGlobalSection
	GlobalSection(ExtensibilityGlobals) = postSolution
		SolutionGuid = {D87B262A-316C-4115-A35C-4516BE0A375E}
	EndGlobalSection
EndGlobal
