
Microsoft Visual Studio Solution File, Format Version 12.00
# Visual Studio Version 17
VisualStudioVersion = 17.2.32630.192
MinimumVisualStudioVersion = 10.0.40219.1
Project("{9A19103F-16F7-4668-BE54-9A1E7A4F7556}") = "UdemyClone", "UdemyClone\UdemyClone.csproj", "{370E3413-0852-4B5E-82A8-59416D1BC872}"
EndProject
Project("{9A19103F-16F7-4668-BE54-9A1E7A4F7556}") = "Event.ProductsContract", "..\..\Event.ProductsContract\Event.ProductsContract\Event.ProductsContract.csproj", "{B1FF303B-D583-4CDB-B2E4-E2DD8E416AA9}"
EndProject
Global
	GlobalSection(SolutionConfigurationPlatforms) = preSolution
		Debug|Any CPU = Debug|Any CPU
		Release|Any CPU = Release|Any CPU
	EndGlobalSection
	GlobalSection(ProjectConfigurationPlatforms) = postSolution
		{370E3413-0852-4B5E-82A8-59416D1BC872}.Debug|Any CPU.ActiveCfg = Debug|Any CPU
		{370E3413-0852-4B5E-82A8-59416D1BC872}.Debug|Any CPU.Build.0 = Debug|Any CPU
		{370E3413-0852-4B5E-82A8-59416D1BC872}.Release|Any CPU.ActiveCfg = Release|Any CPU
		{370E3413-0852-4B5E-82A8-59416D1BC872}.Release|Any CPU.Build.0 = Release|Any CPU
		{B1FF303B-D583-4CDB-B2E4-E2DD8E416AA9}.Debug|Any CPU.ActiveCfg = Debug|Any CPU
		{B1FF303B-D583-4CDB-B2E4-E2DD8E416AA9}.Debug|Any CPU.Build.0 = Debug|Any CPU
		{B1FF303B-D583-4CDB-B2E4-E2DD8E416AA9}.Release|Any CPU.ActiveCfg = Release|Any CPU
		{B1FF303B-D583-4CDB-B2E4-E2DD8E416AA9}.Release|Any CPU.Build.0 = Release|Any CPU
	EndGlobalSection
	GlobalSection(SolutionProperties) = preSolution
		HideSolutionNode = FALSE
	EndGlobalSection
	GlobalSection(ExtensibilityGlobals) = postSolution
		SolutionGuid = {439F0D1E-48D0-49F6-8288-A4629EFA0741}
	EndGlobalSection
EndGlobal
