
Microsoft Visual Studio Solution File, Format Version 12.00
# Visual Studio Version 16
VisualStudioVersion = 16.0.31729.503
MinimumVisualStudioVersion = 10.0.40219.1
Project("{FAE04EC0-301F-11D3-BF4B-00C04F79EFBC}") = "UdemyClone", "UdemyClone\UdemyClone.csproj", "{A9829B00-215A-4A06-831F-EB40B7BBE33A}"
EndProject
Global
	GlobalSection(SolutionConfigurationPlatforms) = preSolution
		Debug|Any CPU = Debug|Any CPU
		Release|Any CPU = Release|Any CPU
	EndGlobalSection
	GlobalSection(ProjectConfigurationPlatforms) = postSolution
		{A9829B00-215A-4A06-831F-EB40B7BBE33A}.Debug|Any CPU.ActiveCfg = Debug|Any CPU
		{A9829B00-215A-4A06-831F-EB40B7BBE33A}.Debug|Any CPU.Build.0 = Debug|Any CPU
		{A9829B00-215A-4A06-831F-EB40B7BBE33A}.Release|Any CPU.ActiveCfg = Release|Any CPU
		{A9829B00-215A-4A06-831F-EB40B7BBE33A}.Release|Any CPU.Build.0 = Release|Any CPU
	EndGlobalSection
	GlobalSection(SolutionProperties) = preSolution
		HideSolutionNode = FALSE
	EndGlobalSection
	GlobalSection(ExtensibilityGlobals) = postSolution
		SolutionGuid = {439F0D1E-48D0-49F6-8288-A4629EFA0741}
	EndGlobalSection
EndGlobal
